// !$*UTF8*$!
{
	archiveVersion = 1;
	classes = {
	};
	objectVersion = 51;
	objects = {

/* Begin PBXBuildFile section */
		2D40C6FF2421541C00EFBB57 /* UIFontExtension.swift in Sources */ = {isa = PBXBuildFile; fileRef = 2D40C6FE2421541C00EFBB57 /* UIFontExtension.swift */; };
		2D40C7052421542A00EFBB57 /* EuclidFlex-Light.ttf in Resources */ = {isa = PBXBuildFile; fileRef = 2D40C7002421542900EFBB57 /* EuclidFlex-Light.ttf */; };
		2D40C7062421542A00EFBB57 /* EuclidFlex-Medium.ttf in Resources */ = {isa = PBXBuildFile; fileRef = 2D40C7012421542900EFBB57 /* EuclidFlex-Medium.ttf */; };
		2D40C7072421542A00EFBB57 /* EuclidFlex-SemiBold.ttf in Resources */ = {isa = PBXBuildFile; fileRef = 2D40C7022421542A00EFBB57 /* EuclidFlex-SemiBold.ttf */; };
		2D40C7082421542A00EFBB57 /* EuclidFlex-Regular.ttf in Resources */ = {isa = PBXBuildFile; fileRef = 2D40C7032421542A00EFBB57 /* EuclidFlex-Regular.ttf */; };
		2D40C7092421542A00EFBB57 /* EuclidFlex-Bold.ttf in Resources */ = {isa = PBXBuildFile; fileRef = 2D40C7042421542A00EFBB57 /* EuclidFlex-Bold.ttf */; };
		2D40C70C24216C7D00EFBB57 /* LocationManager.swift in Sources */ = {isa = PBXBuildFile; fileRef = 2D40C70B24216C7D00EFBB57 /* LocationManager.swift */; };
		2D40C70E242171F100EFBB57 /* UserData.swift in Sources */ = {isa = PBXBuildFile; fileRef = 2D40C70D242171F100EFBB57 /* UserData.swift */; };
		2D40C7112421918400EFBB57 /* PenView.swift in Sources */ = {isa = PBXBuildFile; fileRef = 2D40C7102421918400EFBB57 /* PenView.swift */; };
		2D40C7132421920D00EFBB57 /* CustomPickerDataSource.swift in Sources */ = {isa = PBXBuildFile; fileRef = 2D40C7122421920D00EFBB57 /* CustomPickerDataSource.swift */; };
		2D40E319241AA4A40028E716 /* AppDelegate.swift in Sources */ = {isa = PBXBuildFile; fileRef = 2D40E318241AA4A40028E716 /* AppDelegate.swift */; };
		2D40E31D241AA4A40028E716 /* ViewController.swift in Sources */ = {isa = PBXBuildFile; fileRef = 2D40E31C241AA4A40028E716 /* ViewController.swift */; };
		2D40E320241AA4A40028E716 /* Main.storyboard in Resources */ = {isa = PBXBuildFile; fileRef = 2D40E31E241AA4A40028E716 /* Main.storyboard */; };
		2D40E322241AA4A60028E716 /* Assets.xcassets in Resources */ = {isa = PBXBuildFile; fileRef = 2D40E321241AA4A60028E716 /* Assets.xcassets */; };
		2D40E325241AA4A60028E716 /* LaunchScreen.storyboard in Resources */ = {isa = PBXBuildFile; fileRef = 2D40E323241AA4A60028E716 /* LaunchScreen.storyboard */; };
		2D40E330241AA4A60028E716 /* CoronaVirusTests.swift in Sources */ = {isa = PBXBuildFile; fileRef = 2D40E32F241AA4A60028E716 /* CoronaVirusTests.swift */; };
		2D40E33B241AA4A60028E716 /* CoronaVirusUITests.swift in Sources */ = {isa = PBXBuildFile; fileRef = 2D40E33A241AA4A60028E716 /* CoronaVirusUITests.swift */; };
		2D4322432421A77C0044AB43 /* ProfileProtocols.swift in Sources */ = {isa = PBXBuildFile; fileRef = 2D4322422421A77C0044AB43 /* ProfileProtocols.swift */; };
		2D4322452421A78C0044AB43 /* ProfileInteractor.swift in Sources */ = {isa = PBXBuildFile; fileRef = 2D4322442421A78C0044AB43 /* ProfileInteractor.swift */; };
		2D4322472421A79B0044AB43 /* ProfilePresenter.swift in Sources */ = {isa = PBXBuildFile; fileRef = 2D4322462421A79B0044AB43 /* ProfilePresenter.swift */; };
		2D4322492421A7AF0044AB43 /* ProfileDataFlow.swift in Sources */ = {isa = PBXBuildFile; fileRef = 2D4322482421A7AF0044AB43 /* ProfileDataFlow.swift */; };
		2D43224D2421A7ED0044AB43 /* ProfileRoute.swift in Sources */ = {isa = PBXBuildFile; fileRef = 2D43224C2421A7ED0044AB43 /* ProfileRoute.swift */; };
		2D43224F2421A7FD0044AB43 /* ProfileConfigurator.swift in Sources */ = {isa = PBXBuildFile; fileRef = 2D43224E2421A7FD0044AB43 /* ProfileConfigurator.swift */; };
		2D4322522421A8C30044AB43 /* ProfileService.swift in Sources */ = {isa = PBXBuildFile; fileRef = 2D4322512421A8C30044AB43 /* ProfileService.swift */; };
		2D4322542421A8CF0044AB43 /* ProfileStore.swift in Sources */ = {isa = PBXBuildFile; fileRef = 2D4322532421A8CF0044AB43 /* ProfileStore.swift */; };
		2D4322562421A9040044AB43 /* ProfileDataProvider.swift in Sources */ = {isa = PBXBuildFile; fileRef = 2D4322552421A9040044AB43 /* ProfileDataProvider.swift */; };
		2D65A956241ACD5800893B1F /* sourcesanspro_regular.ttf in Resources */ = {isa = PBXBuildFile; fileRef = 2D65A953241ACD5700893B1F /* sourcesanspro_regular.ttf */; };
		2D65A957241ACD5800893B1F /* sourcesanspro_semibold.ttf in Resources */ = {isa = PBXBuildFile; fileRef = 2D65A954241ACD5700893B1F /* sourcesanspro_semibold.ttf */; };
		2D65A958241ACD5800893B1F /* sourcesanspro_bold.ttf in Resources */ = {isa = PBXBuildFile; fileRef = 2D65A955241ACD5800893B1F /* sourcesanspro_bold.ttf */; };
		2D65A961241AD9A900893B1F /* TestsCell.swift in Sources */ = {isa = PBXBuildFile; fileRef = 2D65A960241AD9A900893B1F /* TestsCell.swift */; };
		2D65A963241ADB1900893B1F /* TestDataStore.swift in Sources */ = {isa = PBXBuildFile; fileRef = 2D65A962241ADB1900893B1F /* TestDataStore.swift */; };
		2D7C46802420BEB200300344 /* MarkAnnotationView.swift in Sources */ = {isa = PBXBuildFile; fileRef = 2D7C467E2420BEB200300344 /* MarkAnnotationView.swift */; };
		2D7C46832420CA1F00300344 /* MarkAnnotationXib.xib in Resources */ = {isa = PBXBuildFile; fileRef = 2D7C46822420CA1F00300344 /* MarkAnnotationXib.xib */; };
		2D7C46862420F70E00300344 /* PopUpResult.swift in Sources */ = {isa = PBXBuildFile; fileRef = 2D7C46852420F70E00300344 /* PopUpResult.swift */; };
		2D863B9F241C341E00A21F11 /* ViewExtension.swift in Sources */ = {isa = PBXBuildFile; fileRef = 2D863B9E241C341E00A21F11 /* ViewExtension.swift */; };
		2D9301D0242027A20098353A /* MainRoute.swift in Sources */ = {isa = PBXBuildFile; fileRef = 2D9301CF242027A20098353A /* MainRoute.swift */; };
		2D9301D2242027B00098353A /* MainConfigurator.swift in Sources */ = {isa = PBXBuildFile; fileRef = 2D9301D1242027B00098353A /* MainConfigurator.swift */; };
		2D9301D52420288A0098353A /* AppDataStories.swift in Sources */ = {isa = PBXBuildFile; fileRef = 2D9301D42420288A0098353A /* AppDataStories.swift */; };
		2D9301D7242028DB0098353A /* UserDefaultService.swift in Sources */ = {isa = PBXBuildFile; fileRef = 2D9301D6242028DB0098353A /* UserDefaultService.swift */; };
		2D9301D92420290F0098353A /* DIAssembly.swift in Sources */ = {isa = PBXBuildFile; fileRef = 2D9301D82420290F0098353A /* DIAssembly.swift */; };
		2D9301DC2420294D0098353A /* APIService.swift in Sources */ = {isa = PBXBuildFile; fileRef = 2D9301DB2420294D0098353A /* APIService.swift */; };
		2D9301DE242032FC0098353A /* CountriesData.swift in Sources */ = {isa = PBXBuildFile; fileRef = 2D9301DD242032FC0098353A /* CountriesData.swift */; };
		2D9301E0242035E80098353A /* TotalStatisticData.swift in Sources */ = {isa = PBXBuildFile; fileRef = 2D9301DF242035E80098353A /* TotalStatisticData.swift */; };
		2D9301E2242037600098353A /* TestResponseData.swift in Sources */ = {isa = PBXBuildFile; fileRef = 2D9301E1242037600098353A /* TestResponseData.swift */; };
		2D9F46B3242002AD00499AAC /* NavigationBottomMenu.swift in Sources */ = {isa = PBXBuildFile; fileRef = 2D9F46B2242002AD00499AAC /* NavigationBottomMenu.swift */; };
		2D9F46B6242003AA00499AAC /* NewsViewController.swift in Sources */ = {isa = PBXBuildFile; fileRef = 2D9F46B5242003AA00499AAC /* NewsViewController.swift */; };
		2D9F46B8242003BA00499AAC /* NewsView.storyboard in Resources */ = {isa = PBXBuildFile; fileRef = 2D9F46B7242003BA00499AAC /* NewsView.storyboard */; };
		2D9F46BB2420040F00499AAC /* ProfileViewController.swift in Sources */ = {isa = PBXBuildFile; fileRef = 2D9F46BA2420040F00499AAC /* ProfileViewController.swift */; };
		2D9F46BD2420041E00499AAC /* ProfileView.storyboard in Resources */ = {isa = PBXBuildFile; fileRef = 2D9F46BC2420041E00499AAC /* ProfileView.storyboard */; };
		2D9F46C02420044200499AAC /* FaqViewController.swift in Sources */ = {isa = PBXBuildFile; fileRef = 2D9F46BF2420044200499AAC /* FaqViewController.swift */; };
		2D9F46C22420045000499AAC /* FaqView.storyboard in Resources */ = {isa = PBXBuildFile; fileRef = 2D9F46C12420045000499AAC /* FaqView.storyboard */; };
		2DABCF43242211DE00041E5C /* PickerModel.swift in Sources */ = {isa = PBXBuildFile; fileRef = 2DABCF42242211DE00041E5C /* PickerModel.swift */; };
		2DD10BAF241AE0700037B3E9 /* MainInteractor.swift in Sources */ = {isa = PBXBuildFile; fileRef = 2DD10BAE241AE0700037B3E9 /* MainInteractor.swift */; };
		2DD10BB1241AE07E0037B3E9 /* MainPresenter.swift in Sources */ = {isa = PBXBuildFile; fileRef = 2DD10BB0241AE07E0037B3E9 /* MainPresenter.swift */; };
		2DD10BB3241AE09C0037B3E9 /* MainDataProvider.swift in Sources */ = {isa = PBXBuildFile; fileRef = 2DD10BB2241AE09C0037B3E9 /* MainDataProvider.swift */; };
		2DD10BB5241AE0D60037B3E9 /* MainDataFlow.swift in Sources */ = {isa = PBXBuildFile; fileRef = 2DD10BB4241AE0D60037B3E9 /* MainDataFlow.swift */; };
		2DD10BB7241AE0F20037B3E9 /* MainProtocols.swift in Sources */ = {isa = PBXBuildFile; fileRef = 2DD10BB6241AE0F20037B3E9 /* MainProtocols.swift */; };
		2DD10BBB241AE1430037B3E9 /* MainService.swift in Sources */ = {isa = PBXBuildFile; fileRef = 2DD10BBA241AE1430037B3E9 /* MainService.swift */; };
		2DD10BBD241AE1500037B3E9 /* MainStore.swift in Sources */ = {isa = PBXBuildFile; fileRef = 2DD10BBC241AE1500037B3E9 /* MainStore.swift */; };
		CD1A8C938D13509CDB9FB07F /* libPods-CoronaVirus.a in Frameworks */ = {isa = PBXBuildFile; fileRef = E0FEAC8AF5EDFFC7D1A7A2C6 /* libPods-CoronaVirus.a */; };
/* End PBXBuildFile section */

/* Begin PBXContainerItemProxy section */
		2D40E32C241AA4A60028E716 /* PBXContainerItemProxy */ = {
			isa = PBXContainerItemProxy;
			containerPortal = 2D40E30D241AA4A40028E716 /* Project object */;
			proxyType = 1;
			remoteGlobalIDString = 2D40E314241AA4A40028E716;
			remoteInfo = CoronaVirus;
		};
		2D40E337241AA4A60028E716 /* PBXContainerItemProxy */ = {
			isa = PBXContainerItemProxy;
			containerPortal = 2D40E30D241AA4A40028E716 /* Project object */;
			proxyType = 1;
			remoteGlobalIDString = 2D40E314241AA4A40028E716;
			remoteInfo = CoronaVirus;
		};
/* End PBXContainerItemProxy section */

/* Begin PBXFileReference section */
		2D40C6FD2421537700EFBB57 /* SourceSansPro-Bold.ttf */ = {isa = PBXFileReference; lastKnownFileType = file; path = "SourceSansPro-Bold.ttf"; sourceTree = "<group>"; };
		2D40C6FE2421541C00EFBB57 /* UIFontExtension.swift */ = {isa = PBXFileReference; fileEncoding = 4; lastKnownFileType = sourcecode.swift; path = UIFontExtension.swift; sourceTree = "<group>"; };
		2D40C7002421542900EFBB57 /* EuclidFlex-Light.ttf */ = {isa = PBXFileReference; lastKnownFileType = file; path = "EuclidFlex-Light.ttf"; sourceTree = "<group>"; };
		2D40C7012421542900EFBB57 /* EuclidFlex-Medium.ttf */ = {isa = PBXFileReference; lastKnownFileType = file; path = "EuclidFlex-Medium.ttf"; sourceTree = "<group>"; };
		2D40C7022421542A00EFBB57 /* EuclidFlex-SemiBold.ttf */ = {isa = PBXFileReference; lastKnownFileType = file; path = "EuclidFlex-SemiBold.ttf"; sourceTree = "<group>"; };
		2D40C7032421542A00EFBB57 /* EuclidFlex-Regular.ttf */ = {isa = PBXFileReference; lastKnownFileType = file; path = "EuclidFlex-Regular.ttf"; sourceTree = "<group>"; };
		2D40C7042421542A00EFBB57 /* EuclidFlex-Bold.ttf */ = {isa = PBXFileReference; lastKnownFileType = file; path = "EuclidFlex-Bold.ttf"; sourceTree = "<group>"; };
		2D40C70B24216C7D00EFBB57 /* LocationManager.swift */ = {isa = PBXFileReference; fileEncoding = 4; lastKnownFileType = sourcecode.swift; path = LocationManager.swift; sourceTree = "<group>"; };
		2D40C70D242171F100EFBB57 /* UserData.swift */ = {isa = PBXFileReference; lastKnownFileType = sourcecode.swift; path = UserData.swift; sourceTree = "<group>"; };
		2D40C7102421918400EFBB57 /* PenView.swift */ = {isa = PBXFileReference; lastKnownFileType = sourcecode.swift; path = PenView.swift; sourceTree = "<group>"; };
		2D40C7122421920D00EFBB57 /* CustomPickerDataSource.swift */ = {isa = PBXFileReference; lastKnownFileType = sourcecode.swift; path = CustomPickerDataSource.swift; sourceTree = "<group>"; };
		2D40E315241AA4A40028E716 /* CoronaVirus.app */ = {isa = PBXFileReference; explicitFileType = wrapper.application; includeInIndex = 0; path = CoronaVirus.app; sourceTree = BUILT_PRODUCTS_DIR; };
		2D40E318241AA4A40028E716 /* AppDelegate.swift */ = {isa = PBXFileReference; lastKnownFileType = sourcecode.swift; path = AppDelegate.swift; sourceTree = "<group>"; };
		2D40E31C241AA4A40028E716 /* ViewController.swift */ = {isa = PBXFileReference; lastKnownFileType = sourcecode.swift; path = ViewController.swift; sourceTree = "<group>"; };
		2D40E31F241AA4A40028E716 /* Base */ = {isa = PBXFileReference; lastKnownFileType = file.storyboard; name = Base; path = Base.lproj/Main.storyboard; sourceTree = "<group>"; };
		2D40E321241AA4A60028E716 /* Assets.xcassets */ = {isa = PBXFileReference; lastKnownFileType = folder.assetcatalog; path = Assets.xcassets; sourceTree = "<group>"; };
		2D40E324241AA4A60028E716 /* Base */ = {isa = PBXFileReference; lastKnownFileType = file.storyboard; name = Base; path = Base.lproj/LaunchScreen.storyboard; sourceTree = "<group>"; };
		2D40E326241AA4A60028E716 /* Info.plist */ = {isa = PBXFileReference; lastKnownFileType = text.plist.xml; path = Info.plist; sourceTree = "<group>"; };
		2D40E32B241AA4A60028E716 /* CoronaVirusTests.xctest */ = {isa = PBXFileReference; explicitFileType = wrapper.cfbundle; includeInIndex = 0; path = CoronaVirusTests.xctest; sourceTree = BUILT_PRODUCTS_DIR; };
		2D40E32F241AA4A60028E716 /* CoronaVirusTests.swift */ = {isa = PBXFileReference; lastKnownFileType = sourcecode.swift; path = CoronaVirusTests.swift; sourceTree = "<group>"; };
		2D40E331241AA4A60028E716 /* Info.plist */ = {isa = PBXFileReference; lastKnownFileType = text.plist.xml; path = Info.plist; sourceTree = "<group>"; };
		2D40E336241AA4A60028E716 /* CoronaVirusUITests.xctest */ = {isa = PBXFileReference; explicitFileType = wrapper.cfbundle; includeInIndex = 0; path = CoronaVirusUITests.xctest; sourceTree = BUILT_PRODUCTS_DIR; };
		2D40E33A241AA4A60028E716 /* CoronaVirusUITests.swift */ = {isa = PBXFileReference; lastKnownFileType = sourcecode.swift; path = CoronaVirusUITests.swift; sourceTree = "<group>"; };
		2D40E33C241AA4A60028E716 /* Info.plist */ = {isa = PBXFileReference; lastKnownFileType = text.plist.xml; path = Info.plist; sourceTree = "<group>"; };
		2D4322422421A77C0044AB43 /* ProfileProtocols.swift */ = {isa = PBXFileReference; lastKnownFileType = sourcecode.swift; path = ProfileProtocols.swift; sourceTree = "<group>"; };
		2D4322442421A78C0044AB43 /* ProfileInteractor.swift */ = {isa = PBXFileReference; lastKnownFileType = sourcecode.swift; path = ProfileInteractor.swift; sourceTree = "<group>"; };
		2D4322462421A79B0044AB43 /* ProfilePresenter.swift */ = {isa = PBXFileReference; lastKnownFileType = sourcecode.swift; path = ProfilePresenter.swift; sourceTree = "<group>"; };
		2D4322482421A7AF0044AB43 /* ProfileDataFlow.swift */ = {isa = PBXFileReference; lastKnownFileType = sourcecode.swift; path = ProfileDataFlow.swift; sourceTree = "<group>"; };
		2D43224C2421A7ED0044AB43 /* ProfileRoute.swift */ = {isa = PBXFileReference; lastKnownFileType = sourcecode.swift; path = ProfileRoute.swift; sourceTree = "<group>"; };
		2D43224E2421A7FD0044AB43 /* ProfileConfigurator.swift */ = {isa = PBXFileReference; lastKnownFileType = sourcecode.swift; path = ProfileConfigurator.swift; sourceTree = "<group>"; };
		2D4322512421A8C30044AB43 /* ProfileService.swift */ = {isa = PBXFileReference; lastKnownFileType = sourcecode.swift; path = ProfileService.swift; sourceTree = "<group>"; };
		2D4322532421A8CF0044AB43 /* ProfileStore.swift */ = {isa = PBXFileReference; lastKnownFileType = sourcecode.swift; path = ProfileStore.swift; sourceTree = "<group>"; };
		2D4322552421A9040044AB43 /* ProfileDataProvider.swift */ = {isa = PBXFileReference; lastKnownFileType = sourcecode.swift; path = ProfileDataProvider.swift; sourceTree = "<group>"; };
		2D65A953241ACD5700893B1F /* sourcesanspro_regular.ttf */ = {isa = PBXFileReference; lastKnownFileType = file; path = sourcesanspro_regular.ttf; sourceTree = "<group>"; };
		2D65A954241ACD5700893B1F /* sourcesanspro_semibold.ttf */ = {isa = PBXFileReference; lastKnownFileType = file; path = sourcesanspro_semibold.ttf; sourceTree = "<group>"; };
		2D65A955241ACD5800893B1F /* sourcesanspro_bold.ttf */ = {isa = PBXFileReference; lastKnownFileType = file; path = sourcesanspro_bold.ttf; sourceTree = "<group>"; };
		2D65A960241AD9A900893B1F /* TestsCell.swift */ = {isa = PBXFileReference; lastKnownFileType = sourcecode.swift; path = TestsCell.swift; sourceTree = "<group>"; };
		2D65A962241ADB1900893B1F /* TestDataStore.swift */ = {isa = PBXFileReference; lastKnownFileType = sourcecode.swift; path = TestDataStore.swift; sourceTree = "<group>"; };
		2D7C467E2420BEB200300344 /* MarkAnnotationView.swift */ = {isa = PBXFileReference; lastKnownFileType = sourcecode.swift; path = MarkAnnotationView.swift; sourceTree = "<group>"; };
		2D7C46822420CA1F00300344 /* MarkAnnotationXib.xib */ = {isa = PBXFileReference; fileEncoding = 4; lastKnownFileType = file.xib; path = MarkAnnotationXib.xib; sourceTree = "<group>"; };
		2D7C46852420F70E00300344 /* PopUpResult.swift */ = {isa = PBXFileReference; lastKnownFileType = sourcecode.swift; path = PopUpResult.swift; sourceTree = "<group>"; };
		2D863B9E241C341E00A21F11 /* ViewExtension.swift */ = {isa = PBXFileReference; lastKnownFileType = sourcecode.swift; path = ViewExtension.swift; sourceTree = "<group>"; };
		2D9301CF242027A20098353A /* MainRoute.swift */ = {isa = PBXFileReference; lastKnownFileType = sourcecode.swift; path = MainRoute.swift; sourceTree = "<group>"; };
		2D9301D1242027B00098353A /* MainConfigurator.swift */ = {isa = PBXFileReference; lastKnownFileType = sourcecode.swift; path = MainConfigurator.swift; sourceTree = "<group>"; };
		2D9301D42420288A0098353A /* AppDataStories.swift */ = {isa = PBXFileReference; lastKnownFileType = sourcecode.swift; path = AppDataStories.swift; sourceTree = "<group>"; };
		2D9301D6242028DB0098353A /* UserDefaultService.swift */ = {isa = PBXFileReference; lastKnownFileType = sourcecode.swift; path = UserDefaultService.swift; sourceTree = "<group>"; };
		2D9301D82420290F0098353A /* DIAssembly.swift */ = {isa = PBXFileReference; lastKnownFileType = sourcecode.swift; path = DIAssembly.swift; sourceTree = "<group>"; };
		2D9301DB2420294D0098353A /* APIService.swift */ = {isa = PBXFileReference; lastKnownFileType = sourcecode.swift; path = APIService.swift; sourceTree = "<group>"; };
		2D9301DD242032FC0098353A /* CountriesData.swift */ = {isa = PBXFileReference; lastKnownFileType = sourcecode.swift; path = CountriesData.swift; sourceTree = "<group>"; };
		2D9301DF242035E80098353A /* TotalStatisticData.swift */ = {isa = PBXFileReference; lastKnownFileType = sourcecode.swift; path = TotalStatisticData.swift; sourceTree = "<group>"; };
		2D9301E1242037600098353A /* TestResponseData.swift */ = {isa = PBXFileReference; lastKnownFileType = sourcecode.swift; path = TestResponseData.swift; sourceTree = "<group>"; };
		2D9F46B2242002AD00499AAC /* NavigationBottomMenu.swift */ = {isa = PBXFileReference; lastKnownFileType = sourcecode.swift; path = NavigationBottomMenu.swift; sourceTree = "<group>"; };
		2D9F46B5242003AA00499AAC /* NewsViewController.swift */ = {isa = PBXFileReference; lastKnownFileType = sourcecode.swift; path = NewsViewController.swift; sourceTree = "<group>"; };
		2D9F46B7242003BA00499AAC /* NewsView.storyboard */ = {isa = PBXFileReference; lastKnownFileType = file.storyboard; path = NewsView.storyboard; sourceTree = "<group>"; };
		2D9F46BA2420040F00499AAC /* ProfileViewController.swift */ = {isa = PBXFileReference; lastKnownFileType = sourcecode.swift; path = ProfileViewController.swift; sourceTree = "<group>"; };
		2D9F46BC2420041E00499AAC /* ProfileView.storyboard */ = {isa = PBXFileReference; lastKnownFileType = file.storyboard; path = ProfileView.storyboard; sourceTree = "<group>"; };
		2D9F46BF2420044200499AAC /* FaqViewController.swift */ = {isa = PBXFileReference; lastKnownFileType = sourcecode.swift; path = FaqViewController.swift; sourceTree = "<group>"; };
		2D9F46C12420045000499AAC /* FaqView.storyboard */ = {isa = PBXFileReference; lastKnownFileType = file.storyboard; path = FaqView.storyboard; sourceTree = "<group>"; };
		2DABCF42242211DE00041E5C /* PickerModel.swift */ = {isa = PBXFileReference; lastKnownFileType = sourcecode.swift; path = PickerModel.swift; sourceTree = "<group>"; };
		2DD10BAE241AE0700037B3E9 /* MainInteractor.swift */ = {isa = PBXFileReference; lastKnownFileType = sourcecode.swift; path = MainInteractor.swift; sourceTree = "<group>"; };
		2DD10BB0241AE07E0037B3E9 /* MainPresenter.swift */ = {isa = PBXFileReference; lastKnownFileType = sourcecode.swift; path = MainPresenter.swift; sourceTree = "<group>"; };
		2DD10BB2241AE09C0037B3E9 /* MainDataProvider.swift */ = {isa = PBXFileReference; lastKnownFileType = sourcecode.swift; path = MainDataProvider.swift; sourceTree = "<group>"; };
		2DD10BB4241AE0D60037B3E9 /* MainDataFlow.swift */ = {isa = PBXFileReference; lastKnownFileType = sourcecode.swift; path = MainDataFlow.swift; sourceTree = "<group>"; };
		2DD10BB6241AE0F20037B3E9 /* MainProtocols.swift */ = {isa = PBXFileReference; lastKnownFileType = sourcecode.swift; path = MainProtocols.swift; sourceTree = "<group>"; };
		2DD10BBA241AE1430037B3E9 /* MainService.swift */ = {isa = PBXFileReference; lastKnownFileType = sourcecode.swift; path = MainService.swift; sourceTree = "<group>"; };
		2DD10BBC241AE1500037B3E9 /* MainStore.swift */ = {isa = PBXFileReference; lastKnownFileType = sourcecode.swift; path = MainStore.swift; sourceTree = "<group>"; };
		42DA1E7B5A425846902210E0 /* Pods-CoronaVirus.release.xcconfig */ = {isa = PBXFileReference; includeInIndex = 1; lastKnownFileType = text.xcconfig; name = "Pods-CoronaVirus.release.xcconfig"; path = "Target Support Files/Pods-CoronaVirus/Pods-CoronaVirus.release.xcconfig"; sourceTree = "<group>"; };
		A203C0D7028A0EDB343DFF6B /* Pods-CoronaVirus.debug.xcconfig */ = {isa = PBXFileReference; includeInIndex = 1; lastKnownFileType = text.xcconfig; name = "Pods-CoronaVirus.debug.xcconfig"; path = "Target Support Files/Pods-CoronaVirus/Pods-CoronaVirus.debug.xcconfig"; sourceTree = "<group>"; };
		E0FEAC8AF5EDFFC7D1A7A2C6 /* libPods-CoronaVirus.a */ = {isa = PBXFileReference; explicitFileType = archive.ar; includeInIndex = 0; path = "libPods-CoronaVirus.a"; sourceTree = BUILT_PRODUCTS_DIR; };
/* End PBXFileReference section */

/* Begin PBXFrameworksBuildPhase section */
		2D40E312241AA4A40028E716 /* Frameworks */ = {
			isa = PBXFrameworksBuildPhase;
			buildActionMask = 2147483647;
			files = (
				CD1A8C938D13509CDB9FB07F /* libPods-CoronaVirus.a in Frameworks */,
			);
			runOnlyForDeploymentPostprocessing = 0;
		};
		2D40E328241AA4A60028E716 /* Frameworks */ = {
			isa = PBXFrameworksBuildPhase;
			buildActionMask = 2147483647;
			files = (
			);
			runOnlyForDeploymentPostprocessing = 0;
		};
		2D40E333241AA4A60028E716 /* Frameworks */ = {
			isa = PBXFrameworksBuildPhase;
			buildActionMask = 2147483647;
			files = (
			);
			runOnlyForDeploymentPostprocessing = 0;
		};
/* End PBXFrameworksBuildPhase section */

/* Begin PBXGroup section */
		2D40C70A24216C4A00EFBB57 /* Models */ = {
			isa = PBXGroup;
			children = (
				2D40C70B24216C7D00EFBB57 /* LocationManager.swift */,
			);
			path = Models;
			sourceTree = "<group>";
		};
		2D40C70F2421915500EFBB57 /* Submodels */ = {
			isa = PBXGroup;
			children = (
				2D40C7102421918400EFBB57 /* PenView.swift */,
				2D40C7122421920D00EFBB57 /* CustomPickerDataSource.swift */,
			);
			path = Submodels;
			sourceTree = "<group>";
		};
		2D40E30C241AA4A40028E716 = {
			isa = PBXGroup;
			children = (
				2D40E317241AA4A40028E716 /* CoronaVirus */,
				2D40E32E241AA4A60028E716 /* CoronaVirusTests */,
				2D40E339241AA4A60028E716 /* CoronaVirusUITests */,
				2D40E316241AA4A40028E716 /* Products */,
				377E64C390F9A438BD3AB4C7 /* Pods */,
				9F819B56071B38D0F06AE337 /* Frameworks */,
			);
			sourceTree = "<group>";
		};
		2D40E316241AA4A40028E716 /* Products */ = {
			isa = PBXGroup;
			children = (
				2D40E315241AA4A40028E716 /* CoronaVirus.app */,
				2D40E32B241AA4A60028E716 /* CoronaVirusTests.xctest */,
				2D40E336241AA4A60028E716 /* CoronaVirusUITests.xctest */,
			);
			name = Products;
			sourceTree = "<group>";
		};
		2D40E317241AA4A40028E716 /* CoronaVirus */ = {
			isa = PBXGroup;
			children = (
				2D9F46BE2420042E00499AAC /* FAQScreen */,
				2D9F46B9242003EB00499AAC /* ProfileScreen */,
				2D9F46B42420038B00499AAC /* NewsScreen */,
				2D863B9C241C33EF00A21F11 /* MainModule */,
				2D40E318241AA4A40028E716 /* AppDelegate.swift */,
				2D40E326241AA4A60028E716 /* Info.plist */,
				2D40E323241AA4A60028E716 /* LaunchScreen.storyboard */,
				2D8670CB241AAD1600449C7A /* MapScreen */,
				2D8670CC241AB99B00449C7A /* NavController */,
				2DD10BC1241AFA6B0037B3E9 /* ProfileModule */,
				2D8670CF241ABD0000449C7A /* Resources */,
				2D65A959241ACE0F00893B1F /* UserInfoModule */,
			);
			path = CoronaVirus;
			sourceTree = "<group>";
		};
		2D40E32E241AA4A60028E716 /* CoronaVirusTests */ = {
			isa = PBXGroup;
			children = (
				2D40E32F241AA4A60028E716 /* CoronaVirusTests.swift */,
				2D40E331241AA4A60028E716 /* Info.plist */,
			);
			path = CoronaVirusTests;
			sourceTree = "<group>";
		};
		2D40E339241AA4A60028E716 /* CoronaVirusUITests */ = {
			isa = PBXGroup;
			children = (
				2D40E33A241AA4A60028E716 /* CoronaVirusUITests.swift */,
				2D40E33C241AA4A60028E716 /* Info.plist */,
			);
			path = CoronaVirusUITests;
			sourceTree = "<group>";
		};
		2D43224A2421A7BB0044AB43 /* DataProvider */ = {
			isa = PBXGroup;
			children = (
				2D4322502421A8AC0044AB43 /* DataSources */,
				2D4322552421A9040044AB43 /* ProfileDataProvider.swift */,
			);
			path = DataProvider;
			sourceTree = "<group>";
		};
		2D43224B2421A7D20044AB43 /* Route */ = {
			isa = PBXGroup;
			children = (
				2D43224C2421A7ED0044AB43 /* ProfileRoute.swift */,
				2D43224E2421A7FD0044AB43 /* ProfileConfigurator.swift */,
			);
			path = Route;
			sourceTree = "<group>";
		};
		2D4322502421A8AC0044AB43 /* DataSources */ = {
			isa = PBXGroup;
			children = (
				2D4322512421A8C30044AB43 /* ProfileService.swift */,
				2D4322532421A8CF0044AB43 /* ProfileStore.swift */,
			);
			path = DataSources;
			sourceTree = "<group>";
		};
		2D65A952241ACD3500893B1F /* Fonts */ = {
			isa = PBXGroup;
			children = (
				2D40C7042421542A00EFBB57 /* EuclidFlex-Bold.ttf */,
				2D40C7002421542900EFBB57 /* EuclidFlex-Light.ttf */,
				2D40C7012421542900EFBB57 /* EuclidFlex-Medium.ttf */,
				2D40C7032421542A00EFBB57 /* EuclidFlex-Regular.ttf */,
				2D40C7022421542A00EFBB57 /* EuclidFlex-SemiBold.ttf */,
				2D40C6FE2421541C00EFBB57 /* UIFontExtension.swift */,
				2D40C6FD2421537700EFBB57 /* SourceSansPro-Bold.ttf */,
				2D65A955241ACD5800893B1F /* sourcesanspro_bold.ttf */,
				2D65A953241ACD5700893B1F /* sourcesanspro_regular.ttf */,
				2D65A954241ACD5700893B1F /* sourcesanspro_semibold.ttf */,
			);
			path = Fonts;
			sourceTree = "<group>";
		};
		2D65A959241ACE0F00893B1F /* UserInfoModule */ = {
			isa = PBXGroup;
			children = (
			);
			path = UserInfoModule;
			sourceTree = "<group>";
		};
		2D65A95C241AD94900893B1F /* Models */ = {
			isa = PBXGroup;
			children = (
				2D9301DD242032FC0098353A /* CountriesData.swift */,
				2D9301DF242035E80098353A /* TotalStatisticData.swift */,
				2D9301E1242037600098353A /* TestResponseData.swift */,
				2D40C70D242171F100EFBB57 /* UserData.swift */,
			);
			path = Models;
			sourceTree = "<group>";
		};
		2D65A95D241AD96A00893B1F /* Submodels */ = {
			isa = PBXGroup;
			children = (
				2D7C46842420F6E100300344 /* PopUpResultTest */,
				2D7C46752420BD1F00300344 /* Marker */,
				2D65A95F241AD98C00893B1F /* Tests */,
			);
			path = Submodels;
			sourceTree = "<group>";
		};
		2D65A95E241AD98400893B1F /* Cells */ = {
			isa = PBXGroup;
			children = (
				2D65A960241AD9A900893B1F /* TestsCell.swift */,
			);
			path = Cells;
			sourceTree = "<group>";
		};
		2D65A95F241AD98C00893B1F /* Tests */ = {
			isa = PBXGroup;
			children = (
				2D65A95E241AD98400893B1F /* Cells */,
				2D65A962241ADB1900893B1F /* TestDataStore.swift */,
			);
			path = Tests;
			sourceTree = "<group>";
		};
		2D7C46752420BD1F00300344 /* Marker */ = {
			isa = PBXGroup;
			children = (
				2D7C46822420CA1F00300344 /* MarkAnnotationXib.xib */,
				2D7C467E2420BEB200300344 /* MarkAnnotationView.swift */,
			);
			path = Marker;
			sourceTree = "<group>";
		};
		2D7C46842420F6E100300344 /* PopUpResultTest */ = {
			isa = PBXGroup;
			children = (
				2D7C46852420F70E00300344 /* PopUpResult.swift */,
			);
			path = PopUpResultTest;
			sourceTree = "<group>";
		};
		2D863B9C241C33EF00A21F11 /* MainModule */ = {
			isa = PBXGroup;
			children = (
				2D40C70A24216C4A00EFBB57 /* Models */,
				2D9301DA2420293D0098353A /* BaseServices */,
				2D9301D32420285C0098353A /* DataServices */,
				2D863B9D241C33FA00A21F11 /* Extension */,
				2D9301D82420290F0098353A /* DIAssembly.swift */,
			);
			path = MainModule;
			sourceTree = "<group>";
		};
		2D863B9D241C33FA00A21F11 /* Extension */ = {
			isa = PBXGroup;
			children = (
				2D863B9E241C341E00A21F11 /* ViewExtension.swift */,
			);
			path = Extension;
			sourceTree = "<group>";
		};
		2D8670CB241AAD1600449C7A /* MapScreen */ = {
			isa = PBXGroup;
			children = (
				2D9301CE2420276A0098353A /* Route */,
				2DD10BB8241AE10D0037B3E9 /* DataProvider */,
				2D65A95D241AD96A00893B1F /* Submodels */,
				2D65A95C241AD94900893B1F /* Models */,
				2D40E31C241AA4A40028E716 /* ViewController.swift */,
				2D40E31E241AA4A40028E716 /* Main.storyboard */,
				2DD10BAE241AE0700037B3E9 /* MainInteractor.swift */,
				2DD10BB0241AE07E0037B3E9 /* MainPresenter.swift */,
				2DD10BB4241AE0D60037B3E9 /* MainDataFlow.swift */,
				2DD10BB6241AE0F20037B3E9 /* MainProtocols.swift */,
			);
			path = MapScreen;
			sourceTree = "<group>";
		};
		2D8670CC241AB99B00449C7A /* NavController */ = {
			isa = PBXGroup;
			children = (
				2D9F46B2242002AD00499AAC /* NavigationBottomMenu.swift */,
			);
			path = NavController;
			sourceTree = "<group>";
		};
		2D8670CF241ABD0000449C7A /* Resources */ = {
			isa = PBXGroup;
			children = (
				2D65A952241ACD3500893B1F /* Fonts */,
				2D40E321241AA4A60028E716 /* Assets.xcassets */,
			);
			path = Resources;
			sourceTree = "<group>";
		};
		2D9301CE2420276A0098353A /* Route */ = {
			isa = PBXGroup;
			children = (
				2D9301CF242027A20098353A /* MainRoute.swift */,
				2D9301D1242027B00098353A /* MainConfigurator.swift */,
			);
			path = Route;
			sourceTree = "<group>";
		};
		2D9301D32420285C0098353A /* DataServices */ = {
			isa = PBXGroup;
			children = (
				2D9301D42420288A0098353A /* AppDataStories.swift */,
				2D9301D6242028DB0098353A /* UserDefaultService.swift */,
			);
			path = DataServices;
			sourceTree = "<group>";
		};
		2D9301DA2420293D0098353A /* BaseServices */ = {
			isa = PBXGroup;
			children = (
				2D9301DB2420294D0098353A /* APIService.swift */,
			);
			path = BaseServices;
			sourceTree = "<group>";
		};
		2D9F46B42420038B00499AAC /* NewsScreen */ = {
			isa = PBXGroup;
			children = (
				2D9F46B5242003AA00499AAC /* NewsViewController.swift */,
				2D9F46B7242003BA00499AAC /* NewsView.storyboard */,
			);
			path = NewsScreen;
			sourceTree = "<group>";
		};
		2D9F46B9242003EB00499AAC /* ProfileScreen */ = {
			isa = PBXGroup;
			children = (
				2DABCF41242211C700041E5C /* Models */,
				2D43224B2421A7D20044AB43 /* Route */,
				2D43224A2421A7BB0044AB43 /* DataProvider */,
				2D40C70F2421915500EFBB57 /* Submodels */,
				2D9F46BA2420040F00499AAC /* ProfileViewController.swift */,
				2D9F46BC2420041E00499AAC /* ProfileView.storyboard */,
				2D4322422421A77C0044AB43 /* ProfileProtocols.swift */,
				2D4322442421A78C0044AB43 /* ProfileInteractor.swift */,
				2D4322462421A79B0044AB43 /* ProfilePresenter.swift */,
				2D4322482421A7AF0044AB43 /* ProfileDataFlow.swift */,
			);
			path = ProfileScreen;
			sourceTree = "<group>";
		};
		2D9F46BE2420042E00499AAC /* FAQScreen */ = {
			isa = PBXGroup;
			children = (
				2D9F46BF2420044200499AAC /* FaqViewController.swift */,
				2D9F46C12420045000499AAC /* FaqView.storyboard */,
			);
			path = FAQScreen;
			sourceTree = "<group>";
		};
		2DABCF41242211C700041E5C /* Models */ = {
			isa = PBXGroup;
			children = (
				2DABCF42242211DE00041E5C /* PickerModel.swift */,
			);
			path = Models;
			sourceTree = "<group>";
		};
		2DD10BB8241AE10D0037B3E9 /* DataProvider */ = {
			isa = PBXGroup;
			children = (
				2DD10BB9241AE12D0037B3E9 /* DataSources */,
				2DD10BB2241AE09C0037B3E9 /* MainDataProvider.swift */,
			);
			path = DataProvider;
			sourceTree = "<group>";
		};
		2DD10BB9241AE12D0037B3E9 /* DataSources */ = {
			isa = PBXGroup;
			children = (
				2DD10BBA241AE1430037B3E9 /* MainService.swift */,
				2DD10BBC241AE1500037B3E9 /* MainStore.swift */,
			);
			path = DataSources;
			sourceTree = "<group>";
		};
		2DD10BC1241AFA6B0037B3E9 /* ProfileModule */ = {
			isa = PBXGroup;
			children = (
			);
			path = ProfileModule;
			sourceTree = "<group>";
		};
		377E64C390F9A438BD3AB4C7 /* Pods */ = {
			isa = PBXGroup;
			children = (
				A203C0D7028A0EDB343DFF6B /* Pods-CoronaVirus.debug.xcconfig */,
				42DA1E7B5A425846902210E0 /* Pods-CoronaVirus.release.xcconfig */,
			);
			path = Pods;
			sourceTree = "<group>";
		};
		9F819B56071B38D0F06AE337 /* Frameworks */ = {
			isa = PBXGroup;
			children = (
				E0FEAC8AF5EDFFC7D1A7A2C6 /* libPods-CoronaVirus.a */,
			);
			name = Frameworks;
			sourceTree = "<group>";
		};
/* End PBXGroup section */

/* Begin PBXNativeTarget section */
		2D40E314241AA4A40028E716 /* CoronaVirus */ = {
			isa = PBXNativeTarget;
			buildConfigurationList = 2D40E33F241AA4A60028E716 /* Build configuration list for PBXNativeTarget "CoronaVirus" */;
			buildPhases = (
				334F1CF81C2DD4F8C4CC08E9 /* [CP] Check Pods Manifest.lock */,
				2D40E311241AA4A40028E716 /* Sources */,
				2D40E312241AA4A40028E716 /* Frameworks */,
				2D40E313241AA4A40028E716 /* Resources */,
				39C608CC668CF94DCFE14DCB /* [CP] Copy Pods Resources */,
			);
			buildRules = (
			);
			dependencies = (
			);
			name = CoronaVirus;
			productName = CoronaVirus;
			productReference = 2D40E315241AA4A40028E716 /* CoronaVirus.app */;
			productType = "com.apple.product-type.application";
		};
		2D40E32A241AA4A60028E716 /* CoronaVirusTests */ = {
			isa = PBXNativeTarget;
			buildConfigurationList = 2D40E342241AA4A60028E716 /* Build configuration list for PBXNativeTarget "CoronaVirusTests" */;
			buildPhases = (
				2D40E327241AA4A60028E716 /* Sources */,
				2D40E328241AA4A60028E716 /* Frameworks */,
				2D40E329241AA4A60028E716 /* Resources */,
			);
			buildRules = (
			);
			dependencies = (
				2D40E32D241AA4A60028E716 /* PBXTargetDependency */,
			);
			name = CoronaVirusTests;
			productName = CoronaVirusTests;
			productReference = 2D40E32B241AA4A60028E716 /* CoronaVirusTests.xctest */;
			productType = "com.apple.product-type.bundle.unit-test";
		};
		2D40E335241AA4A60028E716 /* CoronaVirusUITests */ = {
			isa = PBXNativeTarget;
			buildConfigurationList = 2D40E345241AA4A60028E716 /* Build configuration list for PBXNativeTarget "CoronaVirusUITests" */;
			buildPhases = (
				2D40E332241AA4A60028E716 /* Sources */,
				2D40E333241AA4A60028E716 /* Frameworks */,
				2D40E334241AA4A60028E716 /* Resources */,
			);
			buildRules = (
			);
			dependencies = (
				2D40E338241AA4A60028E716 /* PBXTargetDependency */,
			);
			name = CoronaVirusUITests;
			productName = CoronaVirusUITests;
			productReference = 2D40E336241AA4A60028E716 /* CoronaVirusUITests.xctest */;
			productType = "com.apple.product-type.bundle.ui-testing";
		};
/* End PBXNativeTarget section */

/* Begin PBXProject section */
		2D40E30D241AA4A40028E716 /* Project object */ = {
			isa = PBXProject;
			attributes = {
				LastSwiftUpdateCheck = 1130;
				LastUpgradeCheck = 1130;
				ORGANIZATIONNAME = ShaydulinsIOS;
				TargetAttributes = {
					2D40E314241AA4A40028E716 = {
						CreatedOnToolsVersion = 11.3.1;
					};
					2D40E32A241AA4A60028E716 = {
						CreatedOnToolsVersion = 11.3.1;
						TestTargetID = 2D40E314241AA4A40028E716;
					};
					2D40E335241AA4A60028E716 = {
						CreatedOnToolsVersion = 11.3.1;
						TestTargetID = 2D40E314241AA4A40028E716;
					};
				};
			};
			buildConfigurationList = 2D40E310241AA4A40028E716 /* Build configuration list for PBXProject "CoronaVirus" */;
			compatibilityVersion = "Xcode 9.3";
			developmentRegion = en;
			hasScannedForEncodings = 0;
			knownRegions = (
				en,
				Base,
			);
			mainGroup = 2D40E30C241AA4A40028E716;
			productRefGroup = 2D40E316241AA4A40028E716 /* Products */;
			projectDirPath = "";
			projectRoot = "";
			targets = (
				2D40E314241AA4A40028E716 /* CoronaVirus */,
				2D40E32A241AA4A60028E716 /* CoronaVirusTests */,
				2D40E335241AA4A60028E716 /* CoronaVirusUITests */,
			);
		};
/* End PBXProject section */

/* Begin PBXResourcesBuildPhase section */
		2D40E313241AA4A40028E716 /* Resources */ = {
			isa = PBXResourcesBuildPhase;
			buildActionMask = 2147483647;
			files = (
				2D40E325241AA4A60028E716 /* LaunchScreen.storyboard in Resources */,
				2D9F46B8242003BA00499AAC /* NewsView.storyboard in Resources */,
				2D40C7082421542A00EFBB57 /* EuclidFlex-Regular.ttf in Resources */,
				2D7C46832420CA1F00300344 /* MarkAnnotationXib.xib in Resources */,
				2D40E322241AA4A60028E716 /* Assets.xcassets in Resources */,
				2D65A958241ACD5800893B1F /* sourcesanspro_bold.ttf in Resources */,
				2D9F46BD2420041E00499AAC /* ProfileView.storyboard in Resources */,
				2D40E320241AA4A40028E716 /* Main.storyboard in Resources */,
				2D65A956241ACD5800893B1F /* sourcesanspro_regular.ttf in Resources */,
				2D40C7062421542A00EFBB57 /* EuclidFlex-Medium.ttf in Resources */,
				2D40C7072421542A00EFBB57 /* EuclidFlex-SemiBold.ttf in Resources */,
				2D9F46C22420045000499AAC /* FaqView.storyboard in Resources */,
				2D40C7092421542A00EFBB57 /* EuclidFlex-Bold.ttf in Resources */,
				2D65A957241ACD5800893B1F /* sourcesanspro_semibold.ttf in Resources */,
				2D40C7052421542A00EFBB57 /* EuclidFlex-Light.ttf in Resources */,
			);
			runOnlyForDeploymentPostprocessing = 0;
		};
		2D40E329241AA4A60028E716 /* Resources */ = {
			isa = PBXResourcesBuildPhase;
			buildActionMask = 2147483647;
			files = (
			);
			runOnlyForDeploymentPostprocessing = 0;
		};
		2D40E334241AA4A60028E716 /* Resources */ = {
			isa = PBXResourcesBuildPhase;
			buildActionMask = 2147483647;
			files = (
			);
			runOnlyForDeploymentPostprocessing = 0;
		};
/* End PBXResourcesBuildPhase section */

/* Begin PBXShellScriptBuildPhase section */
		334F1CF81C2DD4F8C4CC08E9 /* [CP] Check Pods Manifest.lock */ = {
			isa = PBXShellScriptBuildPhase;
			buildActionMask = 2147483647;
			files = (
			);
			inputFileListPaths = (
			);
			inputPaths = (
				"${PODS_PODFILE_DIR_PATH}/Podfile.lock",
				"${PODS_ROOT}/Manifest.lock",
			);
			name = "[CP] Check Pods Manifest.lock";
			outputFileListPaths = (
			);
			outputPaths = (
				"$(DERIVED_FILE_DIR)/Pods-CoronaVirus-checkManifestLockResult.txt",
			);
			runOnlyForDeploymentPostprocessing = 0;
			shellPath = /bin/sh;
			shellScript = "diff \"${PODS_PODFILE_DIR_PATH}/Podfile.lock\" \"${PODS_ROOT}/Manifest.lock\" > /dev/null\nif [ $? != 0 ] ; then\n    # print error to STDERR\n    echo \"error: The sandbox is not in sync with the Podfile.lock. Run 'pod install' or update your CocoaPods installation.\" >&2\n    exit 1\nfi\n# This output is used by Xcode 'outputs' to avoid re-running this script phase.\necho \"SUCCESS\" > \"${SCRIPT_OUTPUT_FILE_0}\"\n";
			showEnvVarsInLog = 0;
		};
		39C608CC668CF94DCFE14DCB /* [CP] Copy Pods Resources */ = {
			isa = PBXShellScriptBuildPhase;
			buildActionMask = 2147483647;
			files = (
			);
			inputFileListPaths = (
				"${PODS_ROOT}/Target Support Files/Pods-CoronaVirus/Pods-CoronaVirus-resources-${CONFIGURATION}-input-files.xcfilelist",
			);
			name = "[CP] Copy Pods Resources";
			outputFileListPaths = (
				"${PODS_ROOT}/Target Support Files/Pods-CoronaVirus/Pods-CoronaVirus-resources-${CONFIGURATION}-output-files.xcfilelist",
			);
			runOnlyForDeploymentPostprocessing = 0;
			shellPath = /bin/sh;
			shellScript = "\"${PODS_ROOT}/Target Support Files/Pods-CoronaVirus/Pods-CoronaVirus-resources.sh\"\n";
			showEnvVarsInLog = 0;
		};
/* End PBXShellScriptBuildPhase section */

/* Begin PBXSourcesBuildPhase section */
		2D40E311241AA4A40028E716 /* Sources */ = {
			isa = PBXSourcesBuildPhase;
			buildActionMask = 2147483647;
			files = (
				2D40E31D241AA4A40028E716 /* ViewController.swift in Sources */,
				2D9301E0242035E80098353A /* TotalStatisticData.swift in Sources */,
				2D4322452421A78C0044AB43 /* ProfileInteractor.swift in Sources */,
				2D4322472421A79B0044AB43 /* ProfilePresenter.swift in Sources */,
				2D65A961241AD9A900893B1F /* TestsCell.swift in Sources */,
				2D4322522421A8C30044AB43 /* ProfileService.swift in Sources */,
				2D65A963241ADB1900893B1F /* TestDataStore.swift in Sources */,
				2D43224F2421A7FD0044AB43 /* ProfileConfigurator.swift in Sources */,
				2D4322432421A77C0044AB43 /* ProfileProtocols.swift in Sources */,
				2D43224D2421A7ED0044AB43 /* ProfileRoute.swift in Sources */,
				2D9301D52420288A0098353A /* AppDataStories.swift in Sources */,
				2D4322542421A8CF0044AB43 /* ProfileStore.swift in Sources */,
				2D40C7132421920D00EFBB57 /* CustomPickerDataSource.swift in Sources */,
				2D9301D0242027A20098353A /* MainRoute.swift in Sources */,
				2D40C70C24216C7D00EFBB57 /* LocationManager.swift in Sources */,
				2DD10BB3241AE09C0037B3E9 /* MainDataProvider.swift in Sources */,
				2D40C7112421918400EFBB57 /* PenView.swift in Sources */,
				2D9301DC2420294D0098353A /* APIService.swift in Sources */,
				2D9F46BB2420040F00499AAC /* ProfileViewController.swift in Sources */,
				2DD10BBD241AE1500037B3E9 /* MainStore.swift in Sources */,
				2D40C6FF2421541C00EFBB57 /* UIFontExtension.swift in Sources */,
				2D7C46802420BEB200300344 /* MarkAnnotationView.swift in Sources */,
				2D9301D7242028DB0098353A /* UserDefaultService.swift in Sources */,
				2D9301E2242037600098353A /* TestResponseData.swift in Sources */,
				2D9301D92420290F0098353A /* DIAssembly.swift in Sources */,
				2DD10BB5241AE0D60037B3E9 /* MainDataFlow.swift in Sources */,
				2D9F46C02420044200499AAC /* FaqViewController.swift in Sources */,
				2D40C70E242171F100EFBB57 /* UserData.swift in Sources */,
				2D9301DE242032FC0098353A /* CountriesData.swift in Sources */,
				2D40E319241AA4A40028E716 /* AppDelegate.swift in Sources */,
				2D863B9F241C341E00A21F11 /* ViewExtension.swift in Sources */,
				2D4322492421A7AF0044AB43 /* ProfileDataFlow.swift in Sources */,
				2D9301D2242027B00098353A /* MainConfigurator.swift in Sources */,
				2DD10BB1241AE07E0037B3E9 /* MainPresenter.swift in Sources */,
				2D7C46862420F70E00300344 /* PopUpResult.swift in Sources */,
				2D4322562421A9040044AB43 /* ProfileDataProvider.swift in Sources */,
				2D9F46B6242003AA00499AAC /* NewsViewController.swift in Sources */,
				2DD10BBB241AE1430037B3E9 /* MainService.swift in Sources */,
				2DD10BB7241AE0F20037B3E9 /* MainProtocols.swift in Sources */,
				2DABCF43242211DE00041E5C /* PickerModel.swift in Sources */,
				2DD10BAF241AE0700037B3E9 /* MainInteractor.swift in Sources */,
				2D9F46B3242002AD00499AAC /* NavigationBottomMenu.swift in Sources */,
			);
			runOnlyForDeploymentPostprocessing = 0;
		};
		2D40E327241AA4A60028E716 /* Sources */ = {
			isa = PBXSourcesBuildPhase;
			buildActionMask = 2147483647;
			files = (
				2D40E330241AA4A60028E716 /* CoronaVirusTests.swift in Sources */,
			);
			runOnlyForDeploymentPostprocessing = 0;
		};
		2D40E332241AA4A60028E716 /* Sources */ = {
			isa = PBXSourcesBuildPhase;
			buildActionMask = 2147483647;
			files = (
				2D40E33B241AA4A60028E716 /* CoronaVirusUITests.swift in Sources */,
			);
			runOnlyForDeploymentPostprocessing = 0;
		};
/* End PBXSourcesBuildPhase section */

/* Begin PBXTargetDependency section */
		2D40E32D241AA4A60028E716 /* PBXTargetDependency */ = {
			isa = PBXTargetDependency;
			target = 2D40E314241AA4A40028E716 /* CoronaVirus */;
			targetProxy = 2D40E32C241AA4A60028E716 /* PBXContainerItemProxy */;
		};
		2D40E338241AA4A60028E716 /* PBXTargetDependency */ = {
			isa = PBXTargetDependency;
			target = 2D40E314241AA4A40028E716 /* CoronaVirus */;
			targetProxy = 2D40E337241AA4A60028E716 /* PBXContainerItemProxy */;
		};
/* End PBXTargetDependency section */

/* Begin PBXVariantGroup section */
		2D40E31E241AA4A40028E716 /* Main.storyboard */ = {
			isa = PBXVariantGroup;
			children = (
				2D40E31F241AA4A40028E716 /* Base */,
			);
			name = Main.storyboard;
			sourceTree = "<group>";
		};
		2D40E323241AA4A60028E716 /* LaunchScreen.storyboard */ = {
			isa = PBXVariantGroup;
			children = (
				2D40E324241AA4A60028E716 /* Base */,
			);
			name = LaunchScreen.storyboard;
			sourceTree = "<group>";
		};
/* End PBXVariantGroup section */

/* Begin XCBuildConfiguration section */
		2D40E33D241AA4A60028E716 /* Debug */ = {
			isa = XCBuildConfiguration;
			buildSettings = {
				ALWAYS_SEARCH_USER_PATHS = NO;
				CLANG_ANALYZER_NONNULL = YES;
				CLANG_ANALYZER_NUMBER_OBJECT_CONVERSION = YES_AGGRESSIVE;
				CLANG_CXX_LANGUAGE_STANDARD = "gnu++14";
				CLANG_CXX_LIBRARY = "libc++";
				CLANG_ENABLE_MODULES = YES;
				CLANG_ENABLE_OBJC_ARC = YES;
				CLANG_ENABLE_OBJC_WEAK = YES;
				CLANG_WARN_BLOCK_CAPTURE_AUTORELEASING = YES;
				CLANG_WARN_BOOL_CONVERSION = YES;
				CLANG_WARN_COMMA = YES;
				CLANG_WARN_CONSTANT_CONVERSION = YES;
				CLANG_WARN_DEPRECATED_OBJC_IMPLEMENTATIONS = YES;
				CLANG_WARN_DIRECT_OBJC_ISA_USAGE = YES_ERROR;
				CLANG_WARN_DOCUMENTATION_COMMENTS = YES;
				CLANG_WARN_EMPTY_BODY = YES;
				CLANG_WARN_ENUM_CONVERSION = YES;
				CLANG_WARN_INFINITE_RECURSION = YES;
				CLANG_WARN_INT_CONVERSION = YES;
				CLANG_WARN_NON_LITERAL_NULL_CONVERSION = YES;
				CLANG_WARN_OBJC_IMPLICIT_RETAIN_SELF = YES;
				CLANG_WARN_OBJC_LITERAL_CONVERSION = YES;
				CLANG_WARN_OBJC_ROOT_CLASS = YES_ERROR;
				CLANG_WARN_RANGE_LOOP_ANALYSIS = YES;
				CLANG_WARN_STRICT_PROTOTYPES = YES;
				CLANG_WARN_SUSPICIOUS_MOVE = YES;
				CLANG_WARN_UNGUARDED_AVAILABILITY = YES_AGGRESSIVE;
				CLANG_WARN_UNREACHABLE_CODE = YES;
				CLANG_WARN__DUPLICATE_METHOD_MATCH = YES;
				COPY_PHASE_STRIP = NO;
				DEBUG_INFORMATION_FORMAT = dwarf;
				ENABLE_STRICT_OBJC_MSGSEND = YES;
				ENABLE_TESTABILITY = YES;
				GCC_C_LANGUAGE_STANDARD = gnu11;
				GCC_DYNAMIC_NO_PIC = NO;
				GCC_NO_COMMON_BLOCKS = YES;
				GCC_OPTIMIZATION_LEVEL = 0;
				GCC_PREPROCESSOR_DEFINITIONS = (
					"DEBUG=1",
					"$(inherited)",
				);
				GCC_WARN_64_TO_32_BIT_CONVERSION = YES;
				GCC_WARN_ABOUT_RETURN_TYPE = YES_ERROR;
				GCC_WARN_UNDECLARED_SELECTOR = YES;
				GCC_WARN_UNINITIALIZED_AUTOS = YES_AGGRESSIVE;
				GCC_WARN_UNUSED_FUNCTION = YES;
				GCC_WARN_UNUSED_VARIABLE = YES;
				IPHONEOS_DEPLOYMENT_TARGET = 13.2;
				MTL_ENABLE_DEBUG_INFO = INCLUDE_SOURCE;
				MTL_FAST_MATH = YES;
				ONLY_ACTIVE_ARCH = YES;
				SDKROOT = iphoneos;
				SWIFT_ACTIVE_COMPILATION_CONDITIONS = DEBUG;
				SWIFT_OPTIMIZATION_LEVEL = "-Onone";
			};
			name = Debug;
		};
		2D40E33E241AA4A60028E716 /* Release */ = {
			isa = XCBuildConfiguration;
			buildSettings = {
				ALWAYS_SEARCH_USER_PATHS = NO;
				CLANG_ANALYZER_NONNULL = YES;
				CLANG_ANALYZER_NUMBER_OBJECT_CONVERSION = YES_AGGRESSIVE;
				CLANG_CXX_LANGUAGE_STANDARD = "gnu++14";
				CLANG_CXX_LIBRARY = "libc++";
				CLANG_ENABLE_MODULES = YES;
				CLANG_ENABLE_OBJC_ARC = YES;
				CLANG_ENABLE_OBJC_WEAK = YES;
				CLANG_WARN_BLOCK_CAPTURE_AUTORELEASING = YES;
				CLANG_WARN_BOOL_CONVERSION = YES;
				CLANG_WARN_COMMA = YES;
				CLANG_WARN_CONSTANT_CONVERSION = YES;
				CLANG_WARN_DEPRECATED_OBJC_IMPLEMENTATIONS = YES;
				CLANG_WARN_DIRECT_OBJC_ISA_USAGE = YES_ERROR;
				CLANG_WARN_DOCUMENTATION_COMMENTS = YES;
				CLANG_WARN_EMPTY_BODY = YES;
				CLANG_WARN_ENUM_CONVERSION = YES;
				CLANG_WARN_INFINITE_RECURSION = YES;
				CLANG_WARN_INT_CONVERSION = YES;
				CLANG_WARN_NON_LITERAL_NULL_CONVERSION = YES;
				CLANG_WARN_OBJC_IMPLICIT_RETAIN_SELF = YES;
				CLANG_WARN_OBJC_LITERAL_CONVERSION = YES;
				CLANG_WARN_OBJC_ROOT_CLASS = YES_ERROR;
				CLANG_WARN_RANGE_LOOP_ANALYSIS = YES;
				CLANG_WARN_STRICT_PROTOTYPES = YES;
				CLANG_WARN_SUSPICIOUS_MOVE = YES;
				CLANG_WARN_UNGUARDED_AVAILABILITY = YES_AGGRESSIVE;
				CLANG_WARN_UNREACHABLE_CODE = YES;
				CLANG_WARN__DUPLICATE_METHOD_MATCH = YES;
				COPY_PHASE_STRIP = NO;
				DEBUG_INFORMATION_FORMAT = "dwarf-with-dsym";
				ENABLE_NS_ASSERTIONS = NO;
				ENABLE_STRICT_OBJC_MSGSEND = YES;
				GCC_C_LANGUAGE_STANDARD = gnu11;
				GCC_NO_COMMON_BLOCKS = YES;
				GCC_WARN_64_TO_32_BIT_CONVERSION = YES;
				GCC_WARN_ABOUT_RETURN_TYPE = YES_ERROR;
				GCC_WARN_UNDECLARED_SELECTOR = YES;
				GCC_WARN_UNINITIALIZED_AUTOS = YES_AGGRESSIVE;
				GCC_WARN_UNUSED_FUNCTION = YES;
				GCC_WARN_UNUSED_VARIABLE = YES;
				IPHONEOS_DEPLOYMENT_TARGET = 13.2;
				MTL_ENABLE_DEBUG_INFO = NO;
				MTL_FAST_MATH = YES;
				SDKROOT = iphoneos;
				SWIFT_COMPILATION_MODE = wholemodule;
				SWIFT_OPTIMIZATION_LEVEL = "-O";
				VALIDATE_PRODUCT = YES;
			};
			name = Release;
		};
		2D40E340241AA4A60028E716 /* Debug */ = {
			isa = XCBuildConfiguration;
			baseConfigurationReference = A203C0D7028A0EDB343DFF6B /* Pods-CoronaVirus.debug.xcconfig */;
			buildSettings = {
				ASSETCATALOG_COMPILER_APPICON_NAME = AppIcon;
				CODE_SIGN_STYLE = Automatic;
				DEVELOPMENT_TEAM = C7KHDYH27Z;
				INFOPLIST_FILE = CoronaVirus/Info.plist;
				IPHONEOS_DEPLOYMENT_TARGET = 10.0;
				LD_RUNPATH_SEARCH_PATHS = (
					"$(inherited)",
					"@executable_path/Frameworks",
				);
				PRODUCT_BUNDLE_IDENTIFIER = "S-M.CoronaVirus";
				PRODUCT_NAME = "$(TARGET_NAME)";
				SWIFT_VERSION = 5.0;
				TARGETED_DEVICE_FAMILY = "1,2";
			};
			name = Debug;
		};
		2D40E341241AA4A60028E716 /* Release */ = {
			isa = XCBuildConfiguration;
			baseConfigurationReference = 42DA1E7B5A425846902210E0 /* Pods-CoronaVirus.release.xcconfig */;
			buildSettings = {
				ASSETCATALOG_COMPILER_APPICON_NAME = AppIcon;
				CODE_SIGN_STYLE = Automatic;
				DEVELOPMENT_TEAM = C7KHDYH27Z;
				INFOPLIST_FILE = CoronaVirus/Info.plist;
				IPHONEOS_DEPLOYMENT_TARGET = 10.0;
				LD_RUNPATH_SEARCH_PATHS = (
					"$(inherited)",
					"@executable_path/Frameworks",
				);
				PRODUCT_BUNDLE_IDENTIFIER = "S-M.CoronaVirus";
				PRODUCT_NAME = "$(TARGET_NAME)";
				SWIFT_VERSION = 5.0;
				TARGETED_DEVICE_FAMILY = "1,2";
			};
			name = Release;
		};
		2D40E343241AA4A60028E716 /* Debug */ = {
			isa = XCBuildConfiguration;
			buildSettings = {
				ALWAYS_EMBED_SWIFT_STANDARD_LIBRARIES = YES;
				BUNDLE_LOADER = "$(TEST_HOST)";
				CODE_SIGN_STYLE = Automatic;
				INFOPLIST_FILE = CoronaVirusTests/Info.plist;
				IPHONEOS_DEPLOYMENT_TARGET = 13.2;
				LD_RUNPATH_SEARCH_PATHS = (
					"$(inherited)",
					"@executable_path/Frameworks",
					"@loader_path/Frameworks",
				);
				PRODUCT_BUNDLE_IDENTIFIER = "S-M.CoronaVirusTests";
				PRODUCT_NAME = "$(TARGET_NAME)";
				SWIFT_VERSION = 5.0;
				TARGETED_DEVICE_FAMILY = "1,2";
				TEST_HOST = "$(BUILT_PRODUCTS_DIR)/CoronaVirus.app/CoronaVirus";
			};
			name = Debug;
		};
		2D40E344241AA4A60028E716 /* Release */ = {
			isa = XCBuildConfiguration;
			buildSettings = {
				ALWAYS_EMBED_SWIFT_STANDARD_LIBRARIES = YES;
				BUNDLE_LOADER = "$(TEST_HOST)";
				CODE_SIGN_STYLE = Automatic;
				INFOPLIST_FILE = CoronaVirusTests/Info.plist;
				IPHONEOS_DEPLOYMENT_TARGET = 13.2;
				LD_RUNPATH_SEARCH_PATHS = (
					"$(inherited)",
					"@executable_path/Frameworks",
					"@loader_path/Frameworks",
				);
				PRODUCT_BUNDLE_IDENTIFIER = "S-M.CoronaVirusTests";
				PRODUCT_NAME = "$(TARGET_NAME)";
				SWIFT_VERSION = 5.0;
				TARGETED_DEVICE_FAMILY = "1,2";
				TEST_HOST = "$(BUILT_PRODUCTS_DIR)/CoronaVirus.app/CoronaVirus";
			};
			name = Release;
		};
		2D40E346241AA4A60028E716 /* Debug */ = {
			isa = XCBuildConfiguration;
			buildSettings = {
				ALWAYS_EMBED_SWIFT_STANDARD_LIBRARIES = YES;
				CODE_SIGN_STYLE = Automatic;
				INFOPLIST_FILE = CoronaVirusUITests/Info.plist;
				LD_RUNPATH_SEARCH_PATHS = (
					"$(inherited)",
					"@executable_path/Frameworks",
					"@loader_path/Frameworks",
				);
				PRODUCT_BUNDLE_IDENTIFIER = "S-M.CoronaVirusUITests";
				PRODUCT_NAME = "$(TARGET_NAME)";
				SWIFT_VERSION = 5.0;
				TARGETED_DEVICE_FAMILY = "1,2";
				TEST_TARGET_NAME = CoronaVirus;
			};
			name = Debug;
		};
		2D40E347241AA4A60028E716 /* Release */ = {
			isa = XCBuildConfiguration;
			buildSettings = {
				ALWAYS_EMBED_SWIFT_STANDARD_LIBRARIES = YES;
				CODE_SIGN_STYLE = Automatic;
				INFOPLIST_FILE = CoronaVirusUITests/Info.plist;
				LD_RUNPATH_SEARCH_PATHS = (
					"$(inherited)",
					"@executable_path/Frameworks",
					"@loader_path/Frameworks",
				);
				PRODUCT_BUNDLE_IDENTIFIER = "S-M.CoronaVirusUITests";
				PRODUCT_NAME = "$(TARGET_NAME)";
				SWIFT_VERSION = 5.0;
				TARGETED_DEVICE_FAMILY = "1,2";
				TEST_TARGET_NAME = CoronaVirus;
			};
			name = Release;
		};
/* End XCBuildConfiguration section */

/* Begin XCConfigurationList section */
		2D40E310241AA4A40028E716 /* Build configuration list for PBXProject "CoronaVirus" */ = {
			isa = XCConfigurationList;
			buildConfigurations = (
				2D40E33D241AA4A60028E716 /* Debug */,
				2D40E33E241AA4A60028E716 /* Release */,
			);
			defaultConfigurationIsVisible = 0;
			defaultConfigurationName = Release;
		};
		2D40E33F241AA4A60028E716 /* Build configuration list for PBXNativeTarget "CoronaVirus" */ = {
			isa = XCConfigurationList;
			buildConfigurations = (
				2D40E340241AA4A60028E716 /* Debug */,
				2D40E341241AA4A60028E716 /* Release */,
			);
			defaultConfigurationIsVisible = 0;
			defaultConfigurationName = Release;
		};
		2D40E342241AA4A60028E716 /* Build configuration list for PBXNativeTarget "CoronaVirusTests" */ = {
			isa = XCConfigurationList;
			buildConfigurations = (
				2D40E343241AA4A60028E716 /* Debug */,
				2D40E344241AA4A60028E716 /* Release */,
			);
			defaultConfigurationIsVisible = 0;
			defaultConfigurationName = Release;
		};
		2D40E345241AA4A60028E716 /* Build configuration list for PBXNativeTarget "CoronaVirusUITests" */ = {
			isa = XCConfigurationList;
			buildConfigurations = (
				2D40E346241AA4A60028E716 /* Debug */,
				2D40E347241AA4A60028E716 /* Release */,
			);
			defaultConfigurationIsVisible = 0;
			defaultConfigurationName = Release;
		};
/* End XCConfigurationList section */
	};
	rootObject = 2D40E30D241AA4A40028E716 /* Project object */;
}
